
Microsoft Visual Studio Solution File, Format Version 12.00
# Visual Studio Version 16
VisualStudioVersion = 16.0.31515.178
MinimumVisualStudioVersion = 10.0.40219.1
Project("{2150E333-8FDC-42A3-9474-1A3956D46DE8}") = "src", "src", "{62C4219D-2BD0-43B4-92A1-432F35C10E5E}"
EndProject
Project("{2150E333-8FDC-42A3-9474-1A3956D46DE8}") = "1.1 - Presentation", "1.1 - Presentation", "{AC284270-3535-4368-9255-B31161A6BF11}"
EndProject
Project("{2150E333-8FDC-42A3-9474-1A3956D46DE8}") = "1.2 - Application", "1.2 - Application", "{19C97079-B919-4A3E-A60B-8E8EB7AC2C02}"
EndProject
Project("{2150E333-8FDC-42A3-9474-1A3956D46DE8}") = "1.3 - Domain", "1.3 - Domain", "{AD9C9D03-4E8E-4A8B-BB38-08AF08C01851}"
EndProject
Project("{2150E333-8FDC-42A3-9474-1A3956D46DE8}") = "1.4 - Infrastructure", "1.4 - Infrastructure", "{D8216874-43E3-492B-A81F-155E36E85BEB}"
EndProject
Project("{9A19103F-16F7-4668-BE54-9A1E7A4F7556}") = "Presentation.API", "src\Presentation.API\Presentation.API.csproj", "{CF8F321E-F1F9-4143-A3E8-405E844EB39A}"
EndProject
Project("{2150E333-8FDC-42A3-9474-1A3956D46DE8}") = "Tests", "Tests", "{A0A1866F-D31C-4751-8B74-CAA3D76BA29E}"
EndProject
Project("{9A19103F-16F7-4668-BE54-9A1E7A4F7556}") = "Application", "src\Application\Application.csproj", "{5B9E794B-DC76-48F7-B895-ABC9A9985632}"
EndProject
Project("{2150E333-8FDC-42A3-9474-1A3956D46DE8}") = "Tests", "Tests", "{BAAC3DA5-8087-4B62-BACE-CD009B6B93E1}"
EndProject
Project("{9A19103F-16F7-4668-BE54-9A1E7A4F7556}") = "Domain", "src\Domain\Domain.csproj", "{4879D0F3-D862-424F-8DFE-A427994533A4}"
EndProject
Project("{9A19103F-16F7-4668-BE54-9A1E7A4F7556}") = "Infrastructure", "src\Infrastructure\Infrastructure.csproj", "{9A036F09-97E2-4759-98C1-69A50977C85F}"
EndProject
Project("{2150E333-8FDC-42A3-9474-1A3956D46DE8}") = "Tests", "Tests", "{D0FA53E5-6A22-4132-AF65-3D144F9FEB5E}"
EndProject
Project("{9A19103F-16F7-4668-BE54-9A1E7A4F7556}") = "Application.Tests", "tests\Application.Tests\Application.Tests.csproj", "{646A60CE-DBA9-4E2D-8EFA-D03B5865AE63}"
EndProject
Project("{9A19103F-16F7-4668-BE54-9A1E7A4F7556}") = "Domain.Tests", "tests\Domain.Tests\Domain.Tests.csproj", "{6690F05E-8524-44F4-8DF4-8698757B4A9F}"
EndProject
Project("{9A19103F-16F7-4668-BE54-9A1E7A4F7556}") = "Infrastructure.Tests", "tests\Infrastructure.Tests\Infrastructure.Tests.csproj", "{C974C923-529F-40E0-8E81-6B6100368FE3}"
EndProject
Global
	GlobalSection(SolutionConfigurationPlatforms) = preSolution
		Debug|Any CPU = Debug|Any CPU
		Release|Any CPU = Release|Any CPU
	EndGlobalSection
	GlobalSection(ProjectConfigurationPlatforms) = postSolution
		{CF8F321E-F1F9-4143-A3E8-405E844EB39A}.Debug|Any CPU.ActiveCfg = Debug|Any CPU
		{CF8F321E-F1F9-4143-A3E8-405E844EB39A}.Debug|Any CPU.Build.0 = Debug|Any CPU
		{CF8F321E-F1F9-4143-A3E8-405E844EB39A}.Release|Any CPU.ActiveCfg = Release|Any CPU
		{CF8F321E-F1F9-4143-A3E8-405E844EB39A}.Release|Any CPU.Build.0 = Release|Any CPU
		{5B9E794B-DC76-48F7-B895-ABC9A9985632}.Debug|Any CPU.ActiveCfg = Debug|Any CPU
		{5B9E794B-DC76-48F7-B895-ABC9A9985632}.Debug|Any CPU.Build.0 = Debug|Any CPU
		{5B9E794B-DC76-48F7-B895-ABC9A9985632}.Release|Any CPU.ActiveCfg = Release|Any CPU
		{5B9E794B-DC76-48F7-B895-ABC9A9985632}.Release|Any CPU.Build.0 = Release|Any CPU
		{4879D0F3-D862-424F-8DFE-A427994533A4}.Debug|Any CPU.ActiveCfg = Debug|Any CPU
		{4879D0F3-D862-424F-8DFE-A427994533A4}.Debug|Any CPU.Build.0 = Debug|Any CPU
		{4879D0F3-D862-424F-8DFE-A427994533A4}.Release|Any CPU.ActiveCfg = Release|Any CPU
		{4879D0F3-D862-424F-8DFE-A427994533A4}.Release|Any CPU.Build.0 = Release|Any CPU
		{9A036F09-97E2-4759-98C1-69A50977C85F}.Debug|Any CPU.ActiveCfg = Debug|Any CPU
		{9A036F09-97E2-4759-98C1-69A50977C85F}.Debug|Any CPU.Build.0 = Debug|Any CPU
		{9A036F09-97E2-4759-98C1-69A50977C85F}.Release|Any CPU.ActiveCfg = Release|Any CPU
		{9A036F09-97E2-4759-98C1-69A50977C85F}.Release|Any CPU.Build.0 = Release|Any CPU
		{646A60CE-DBA9-4E2D-8EFA-D03B5865AE63}.Debug|Any CPU.ActiveCfg = Debug|Any CPU
		{646A60CE-DBA9-4E2D-8EFA-D03B5865AE63}.Debug|Any CPU.Build.0 = Debug|Any CPU
		{646A60CE-DBA9-4E2D-8EFA-D03B5865AE63}.Release|Any CPU.ActiveCfg = Release|Any CPU
		{646A60CE-DBA9-4E2D-8EFA-D03B5865AE63}.Release|Any CPU.Build.0 = Release|Any CPU
		{6690F05E-8524-44F4-8DF4-8698757B4A9F}.Debug|Any CPU.ActiveCfg = Debug|Any CPU
		{6690F05E-8524-44F4-8DF4-8698757B4A9F}.Debug|Any CPU.Build.0 = Debug|Any CPU
		{6690F05E-8524-44F4-8DF4-8698757B4A9F}.Release|Any CPU.ActiveCfg = Release|Any CPU
		{6690F05E-8524-44F4-8DF4-8698757B4A9F}.Release|Any CPU.Build.0 = Release|Any CPU
		{C974C923-529F-40E0-8E81-6B6100368FE3}.Debug|Any CPU.ActiveCfg = Debug|Any CPU
		{C974C923-529F-40E0-8E81-6B6100368FE3}.Debug|Any CPU.Build.0 = Debug|Any CPU
		{C974C923-529F-40E0-8E81-6B6100368FE3}.Release|Any CPU.ActiveCfg = Release|Any CPU
		{C974C923-529F-40E0-8E81-6B6100368FE3}.Release|Any CPU.Build.0 = Release|Any CPU
	EndGlobalSection
	GlobalSection(SolutionProperties) = preSolution
		HideSolutionNode = FALSE
	EndGlobalSection
	GlobalSection(NestedProjects) = preSolution
		{AC284270-3535-4368-9255-B31161A6BF11} = {62C4219D-2BD0-43B4-92A1-432F35C10E5E}
		{19C97079-B919-4A3E-A60B-8E8EB7AC2C02} = {62C4219D-2BD0-43B4-92A1-432F35C10E5E}
		{AD9C9D03-4E8E-4A8B-BB38-08AF08C01851} = {62C4219D-2BD0-43B4-92A1-432F35C10E5E}
		{D8216874-43E3-492B-A81F-155E36E85BEB} = {62C4219D-2BD0-43B4-92A1-432F35C10E5E}
		{CF8F321E-F1F9-4143-A3E8-405E844EB39A} = {AC284270-3535-4368-9255-B31161A6BF11}
		{A0A1866F-D31C-4751-8B74-CAA3D76BA29E} = {19C97079-B919-4A3E-A60B-8E8EB7AC2C02}
		{5B9E794B-DC76-48F7-B895-ABC9A9985632} = {19C97079-B919-4A3E-A60B-8E8EB7AC2C02}
		{BAAC3DA5-8087-4B62-BACE-CD009B6B93E1} = {AD9C9D03-4E8E-4A8B-BB38-08AF08C01851}
		{4879D0F3-D862-424F-8DFE-A427994533A4} = {AD9C9D03-4E8E-4A8B-BB38-08AF08C01851}
		{9A036F09-97E2-4759-98C1-69A50977C85F} = {D8216874-43E3-492B-A81F-155E36E85BEB}
		{D0FA53E5-6A22-4132-AF65-3D144F9FEB5E} = {D8216874-43E3-492B-A81F-155E36E85BEB}
		{646A60CE-DBA9-4E2D-8EFA-D03B5865AE63} = {A0A1866F-D31C-4751-8B74-CAA3D76BA29E}
		{6690F05E-8524-44F4-8DF4-8698757B4A9F} = {BAAC3DA5-8087-4B62-BACE-CD009B6B93E1}
		{C974C923-529F-40E0-8E81-6B6100368FE3} = {D0FA53E5-6A22-4132-AF65-3D144F9FEB5E}
	EndGlobalSection
	GlobalSection(ExtensibilityGlobals) = postSolution
		SolutionGuid = {883BD6FE-1E56-49CA-992E-7BDFCAAB1B27}
	EndGlobalSection
EndGlobal
